
Microsoft Visual Studio Solution File, Format Version 12.00
Project("{FAE04EC0-301F-11D3-BF4B-00C04F79EFBC}") = "WorkerClient", "WorkerClient\WorkerClient.csproj", "{C3426191-8B6C-4B39-A801-3DC9D3B95E28}"
EndProject
Global
	GlobalSection(SolutionConfigurationPlatforms) = preSolution
		Debug|Any CPU = Debug|Any CPU
		Release|Any CPU = Release|Any CPU
	EndGlobalSection
	GlobalSection(ProjectConfigurationPlatforms) = postSolution
		{C3426191-8B6C-4B39-A801-3DC9D3B95E28}.Debug|Any CPU.ActiveCfg = Debug|Any CPU
		{C3426191-8B6C-4B39-A801-3DC9D3B95E28}.Debug|Any CPU.Build.0 = Debug|Any CPU
		{C3426191-8B6C-4B39-A801-3DC9D3B95E28}.Release|Any CPU.ActiveCfg = Release|Any CPU
		{C3426191-8B6C-4B39-A801-3DC9D3B95E28}.Release|Any CPU.Build.0 = Release|Any CPU
	EndGlobalSection
EndGlobal
